# This file is generated by running "yarn install" inside your project.
# Manual changes might be lost - proceed with caution!

__metadata:
  version: 4

"failure@workspace:packages/failure":
  version: 0.0.0-use.local
  resolution: "failure@workspace:packages/failure"
  languageName: unknown
  linkType: soft

"foreach-error@workspace:.":
  version: 0.0.0-use.local
  resolution: "foreach-error@workspace:."
  languageName: unknown
  linkType: soft
